
Microsoft Visual Studio Solution File, Format Version 12.00
# Visual Studio Version 16
VisualStudioVersion = 16.0.28803.156
MinimumVisualStudioVersion = 10.0.40219.1
Project("{8BC9CEB8-8B4A-11D0-8D11-00A0C91BC942}") = "d3d10drv", "d3d10drv\d3d10drv.vcxproj", "{8EFD8EED-00B7-49BA-A8B1-E74D6255796A}"
EndProject
Global
	GlobalSection(SolutionConfigurationPlatforms) = preSolution
		KHG Debug|Win32 = KHG Debug|Win32
		KHG Release|Win32 = KHG Release|Win32
	EndGlobalSection
	GlobalSection(ProjectConfigurationPlatforms) = postSolution
		{8EFD8EED-00B7-49BA-A8B1-E74D6255796A}.KHG Debug|Win32.ActiveCfg = KHG Debug|Win32
		{8EFD8EED-00B7-49BA-A8B1-E74D6255796A}.KHG Debug|Win32.Build.0 = KHG Debug|Win32
		{8EFD8EED-00B7-49BA-A8B1-E74D6255796A}.KHG Release|Win32.ActiveCfg = KHG Release|Win32
		{8EFD8EED-00B7-49BA-A8B1-E74D6255796A}.KHG Release|Win32.Build.0 = KHG Release|Win32
	EndGlobalSection
	GlobalSection(SolutionProperties) = preSolution
		HideSolutionNode = FALSE
	EndGlobalSection
	GlobalSection(ExtensibilityGlobals) = postSolution
		SolutionGuid = {B4626591-4DAC-4E8E-9813-7C0A6D40D692}
	EndGlobalSection
EndGlobal
