<?xml version="1.0" encoding="utf-8"?>
<Project ToolsVersion="4.0" xmlns="http://schemas.microsoft.com/developer/msbuild/2003">
  <ItemGroup>
    <Filter Include="Source Files">
      <UniqueIdentifier>{4FC737F1-C7A5-4376-A066-2A32D752A2FF}</UniqueIdentifier>
      <Extensions>cpp;c;cc;cxx;def;odl;idl;hpj;bat;asm;asmx</Extensions>
    </Filter>
    <Filter Include="Source Files\Shaders">
      <UniqueIdentifier>{9bd58b6f-c77e-4201-8a62-62beab8651b5}</UniqueIdentifier>
    </Filter>
    <Filter Include="Header Files">
      <UniqueIdentifier>{93995380-89BD-4b04-88EB-625FBE52EBFB}</UniqueIdentifier>
      <Extensions>h;hpp;hxx;hm;inl;inc;xsd</Extensions>
    </Filter>
    <Filter Include="Header Files\Shaders">
      <UniqueIdentifier>{78edb889-6a86-4856-a90c-4a4c094b7f54}</UniqueIdentifier>
    </Filter>
    <Filter Include="Resource Files">
      <UniqueIdentifier>{67DA6AB6-F800-4c08-8B7A-83BB121AAD01}</UniqueIdentifier>
      <Extensions>rc;ico;cur;bmp;dlg;rc2;rct;bin;rgs;gif;jpg;jpeg;jpe;resx;tiff;tif;png;wav</Extensions>
    </Filter>
    <Filter Include="FX">
      <UniqueIdentifier>{5f368319-7d80-43c4-b258-2ffac9cdcbba}</UniqueIdentifier>
    </Filter>
    <Filter Include="Misc">
      <UniqueIdentifier>{25fb566b-f1fa-4c7e-a132-b3c30f7d1f4f}</UniqueIdentifier>
    </Filter>
  </ItemGroup>
  <ItemGroup>
    <ClCompile Include="d3d.cpp">
      <Filter>Source Files</Filter>
    </ClCompile>
    <ClCompile Include="d3d10drv.cpp">
      <Filter>Source Files</Filter>
    </ClCompile>
    <ClCompile Include="dynamicgeometrybuffer.cpp">
      <Filter>Source Files</Filter>
    </ClCompile>
    <ClCompile Include="geometrybuffer.cpp">
      <Filter>Source Files</Filter>
    </ClCompile>
    <ClCompile Include="misc.cpp">
      <Filter>Source Files</Filter>
    </ClCompile>
    <ClCompile Include="texturecache.cpp">
      <Filter>Source Files</Filter>
    </ClCompile>
    <ClCompile Include="Shader.cpp">
      <Filter>Source Files\Shaders</Filter>
    </ClCompile>
    <ClCompile Include="Shader_ComplexSurface.cpp">
      <Filter>Source Files\Shaders</Filter>
    </ClCompile>
    <ClCompile Include="Shader_FinalPass.cpp">
      <Filter>Source Files\Shaders</Filter>
    </ClCompile>
    <ClCompile Include="Shader_FirstPass.cpp">
      <Filter>Source Files\Shaders</Filter>
    </ClCompile>
    <ClCompile Include="Shader_FogSurface.cpp">
      <Filter>Source Files\Shaders</Filter>
    </ClCompile>
    <ClCompile Include="Shader_GouraudPolygon.cpp">
      <Filter>Source Files\Shaders</Filter>
    </ClCompile>
    <ClCompile Include="Shader_HDR.cpp">
      <Filter>Source Files\Shaders</Filter>
    </ClCompile>
    <ClCompile Include="Shader_Postprocess.cpp">
      <Filter>Source Files\Shaders</Filter>
    </ClCompile>
    <ClCompile Include="Shader_Tile.cpp">
      <Filter>Source Files\Shaders</Filter>
    </ClCompile>
    <ClCompile Include="Shader_Unreal.cpp">
      <Filter>Source Files\Shaders</Filter>
    </ClCompile>
    <ClCompile Include="Shader_Dummy.cpp">
      <Filter>Source Files\Shaders</Filter>
    </ClCompile>
    <ClCompile Include="texconverter.cpp">
      <Filter>Source Files</Filter>
    </ClCompile>
  </ItemGroup>
  <ItemGroup>
    <ClInclude Include="customflags.h">
      <Filter>Header Files</Filter>
    </ClInclude>
    <ClInclude Include="d3d.h">
      <Filter>Header Files</Filter>
    </ClInclude>
    <ClInclude Include="d3d10drv.h">
      <Filter>Header Files</Filter>
    </ClInclude>
    <ClInclude Include="dynamicgeometrybuffer.h">
      <Filter>Header Files</Filter>
    </ClInclude>
    <ClInclude Include="geometrybuffer.h">
      <Filter>Header Files</Filter>
    </ClInclude>
    <ClInclude Include="misc.h">
      <Filter>Header Files</Filter>
    </ClInclude>
    <ClInclude Include="polyflags.h">
      <Filter>Header Files</Filter>
    </ClInclude>
    <ClInclude Include="resource.h">
      <Filter>Header Files</Filter>
    </ClInclude>
    <ClInclude Include="texturecache.h">
      <Filter>Header Files</Filter>
    </ClInclude>
    <ClInclude Include="VertexFormats.h">
      <Filter>Header Files</Filter>
    </ClInclude>
    <ClInclude Include="Shader.h">
      <Filter>Header Files\Shaders</Filter>
    </ClInclude>
    <ClInclude Include="Shader_ComplexSurface.h">
      <Filter>Header Files\Shaders</Filter>
    </ClInclude>
    <ClInclude Include="Shader_FinalPass.h">
      <Filter>Header Files\Shaders</Filter>
    </ClInclude>
    <ClInclude Include="Shader_FirstPass.h">
      <Filter>Header Files\Shaders</Filter>
    </ClInclude>
    <ClInclude Include="Shader_FogSurface.h">
      <Filter>Header Files\Shaders</Filter>
    </ClInclude>
    <ClInclude Include="Shader_GouraudPolygon.h">
      <Filter>Header Files\Shaders</Filter>
    </ClInclude>
    <ClInclude Include="Shader_HDR.h">
      <Filter>Header Files\Shaders</Filter>
    </ClInclude>
    <ClInclude Include="Shader_Postprocess.h">
      <Filter>Header Files\Shaders</Filter>
    </ClInclude>
    <ClInclude Include="Shader_Tile.h">
      <Filter>Header Files\Shaders</Filter>
    </ClInclude>
    <ClInclude Include="Shader_Unreal.h">
      <Filter>Header Files\Shaders</Filter>
    </ClInclude>
    <ClInclude Include="doxymain.h">
      <Filter>Misc</Filter>
    </ClInclude>
    <ClInclude Include="Shader_Dummy.h">
      <Filter>Header Files\Shaders</Filter>
    </ClInclude>
    <ClInclude Include="texconverter.h">
      <Filter>Header Files</Filter>
    </ClInclude>
  </ItemGroup>
  <ItemGroup>
    <None Include="common.fxh">
      <Filter>FX</Filter>
    </None>
    <None Include="complexsurface.fx">
      <Filter>FX</Filter>
    </None>
    <None Include="finalpass.fx">
      <Filter>FX</Filter>
    </None>
    <None Include="firstpass.fx">
      <Filter>FX</Filter>
    </None>
    <None Include="fogsurface.fx">
      <Filter>FX</Filter>
    </None>
    <None Include="gouraudpolygon.fx">
      <Filter>FX</Filter>
    </None>
    <None Include="hdr.fx">
      <Filter>FX</Filter>
    </None>
    <None Include="polyflags.fxh">
      <Filter>FX</Filter>
    </None>
    <None Include="postprocessing.fxh">
      <Filter>FX</Filter>
    </None>
    <None Include="states.fxh">
      <Filter>FX</Filter>
    </None>
    <None Include="tile.fx">
      <Filter>FX</Filter>
    </None>
    <None Include="unreal_pom.fx">
      <Filter>FX</Filter>
    </None>
    <None Include="unrealpool.fxh">
      <Filter>FX</Filter>
    </None>
    <None Include="D3D10Drv.int">
      <Filter>Misc</Filter>
    </None>
    <None Include="cpp.hint" />
  </ItemGroup>
</Project>